
Microsoft Visual Studio Solution File, Format Version 12.00
# Visual Studio Version 16
VisualStudioVersion = 16.0.31613.86
MinimumVisualStudioVersion = 10.0.40219.1
Project("{FAE04EC0-301F-11D3-BF4B-00C04F79EFBC}") = "кружочьек", "кружочьек\кружочьек.csproj", "{299F3044-C039-4C59-94D2-FA07CCECA8FB}"
EndProject
Global
	GlobalSection(SolutionConfigurationPlatforms) = preSolution
		Debug|Any CPU = Debug|Any CPU
		Release|Any CPU = Release|Any CPU
	EndGlobalSection
	GlobalSection(ProjectConfigurationPlatforms) = postSolution
		{299F3044-C039-4C59-94D2-FA07CCECA8FB}.Debug|Any CPU.ActiveCfg = Debug|Any CPU
		{299F3044-C039-4C59-94D2-FA07CCECA8FB}.Debug|Any CPU.Build.0 = Debug|Any CPU
		{299F3044-C039-4C59-94D2-FA07CCECA8FB}.Release|Any CPU.ActiveCfg = Release|Any CPU
		{299F3044-C039-4C59-94D2-FA07CCECA8FB}.Release|Any CPU.Build.0 = Release|Any CPU
	EndGlobalSection
	GlobalSection(SolutionProperties) = preSolution
		HideSolutionNode = FALSE
	EndGlobalSection
	GlobalSection(ExtensibilityGlobals) = postSolution
		SolutionGuid = {5CDB7BDC-031B-4D9B-B1E4-5A1AC6B10D19}
	EndGlobalSection
EndGlobal
