
Microsoft Visual Studio Solution File, Format Version 12.00
# Visual Studio Version 16
VisualStudioVersion = 16.0.31613.86
MinimumVisualStudioVersion = 10.0.40219.1
Project("{FAE04EC0-301F-11D3-BF4B-00C04F79EFBC}") = "фоновая 7.0", "фоновая 7.0\фоновая 7.0.csproj", "{09C646B7-F267-4951-8895-A9B857FF4FDB}"
EndProject
Global
	GlobalSection(SolutionConfigurationPlatforms) = preSolution
		Debug|Any CPU = Debug|Any CPU
		Release|Any CPU = Release|Any CPU
	EndGlobalSection
	GlobalSection(ProjectConfigurationPlatforms) = postSolution
		{09C646B7-F267-4951-8895-A9B857FF4FDB}.Debug|Any CPU.ActiveCfg = Debug|Any CPU
		{09C646B7-F267-4951-8895-A9B857FF4FDB}.Debug|Any CPU.Build.0 = Debug|Any CPU
		{09C646B7-F267-4951-8895-A9B857FF4FDB}.Release|Any CPU.ActiveCfg = Release|Any CPU
		{09C646B7-F267-4951-8895-A9B857FF4FDB}.Release|Any CPU.Build.0 = Release|Any CPU
	EndGlobalSection
	GlobalSection(SolutionProperties) = preSolution
		HideSolutionNode = FALSE
	EndGlobalSection
	GlobalSection(ExtensibilityGlobals) = postSolution
		SolutionGuid = {9CE54B9D-904E-462A-86F0-325F55E23C99}
	EndGlobalSection
EndGlobal
